// !$*UTF8*$!
{
	archiveVersion = 1;
	classes = {
	};
	objectVersion = 46;
	objects = {

/* Begin PBXBuildFile section */
		302E01BA1F6209F3008A7D3B /* RedTableViewCell.xib in Sources */ = {isa = PBXBuildFile; fileRef = 30D190A71F62088E00225CE9 /* RedTableViewCell.xib */; };
		306C432821B0B704002A224F /* BlueCollectionViewCell.swift in Sources */ = {isa = PBXBuildFile; fileRef = 306C432621B0B704002A224F /* BlueCollectionViewCell.swift */; };
		306C432921B0B704002A224F /* BlueCollectionViewCell.xib in Resources */ = {isa = PBXBuildFile; fileRef = 306C432721B0B704002A224F /* BlueCollectionViewCell.xib */; };
		30726561219B91AA006570A0 /* EmptyModule.swift in Sources */ = {isa = PBXBuildFile; fileRef = 30726560219B91AA006570A0 /* EmptyModule.swift */; };
		30823949211B91ED0017BFCB /* TitleModule.swift in Sources */ = {isa = PBXBuildFile; fileRef = 30823948211B91ED0017BFCB /* TitleModule.swift */; };
		30D190A91F62089200225CE9 /* RedTableViewCell.swift in Sources */ = {isa = PBXBuildFile; fileRef = 30D190A81F62088E00225CE9 /* RedTableViewCell.swift */; };
		3AF16A77027777984363DB1A /* Pods_LegosBuilder_Example.framework in Frameworks */ = {isa = PBXBuildFile; fileRef = 5A371B30FA63CD0A5E5102FF /* Pods_LegosBuilder_Example.framework */; };
		607FACD61AFB9204008FA782 /* AppDelegate.swift in Sources */ = {isa = PBXBuildFile; fileRef = 607FACD51AFB9204008FA782 /* AppDelegate.swift */; };
		607FACD81AFB9204008FA782 /* ViewController.swift in Sources */ = {isa = PBXBuildFile; fileRef = 607FACD71AFB9204008FA782 /* ViewController.swift */; };
		607FACDD1AFB9204008FA782 /* Images.xcassets in Resources */ = {isa = PBXBuildFile; fileRef = 607FACDC1AFB9204008FA782 /* Images.xcassets */; };
		607FACE01AFB9204008FA782 /* LaunchScreen.xib in Resources */ = {isa = PBXBuildFile; fileRef = 607FACDE1AFB9204008FA782 /* LaunchScreen.xib */; };
		607FACEC1AFB9204008FA782 /* Tests.swift in Sources */ = {isa = PBXBuildFile; fileRef = 607FACEB1AFB9204008FA782 /* Tests.swift */; };
		DF407CC605029988C88A0B0D /* Pods_LegosBuilder_Tests.framework in Frameworks */ = {isa = PBXBuildFile; fileRef = E31649291E5A258DB02A48E9 /* Pods_LegosBuilder_Tests.framework */; };
/* End PBXBuildFile section */

/* Begin PBXContainerItemProxy section */
		607FACE61AFB9204008FA782 /* PBXContainerItemProxy */ = {
			isa = PBXContainerItemProxy;
			containerPortal = 607FACC81AFB9204008FA782 /* Project object */;
			proxyType = 1;
			remoteGlobalIDString = 607FACCF1AFB9204008FA782;
			remoteInfo = LegosBuilder;
		};
/* End PBXContainerItemProxy section */

/* Begin PBXFileReference section */
		2832D37C9D043E3199B102A1 /* LICENSE */ = {isa = PBXFileReference; includeInIndex = 1; lastKnownFileType = text; name = LICENSE; path = ../LICENSE; sourceTree = "<group>"; };
		306C432621B0B704002A224F /* BlueCollectionViewCell.swift */ = {isa = PBXFileReference; lastKnownFileType = sourcecode.swift; path = BlueCollectionViewCell.swift; sourceTree = "<group>"; };
		306C432721B0B704002A224F /* BlueCollectionViewCell.xib */ = {isa = PBXFileReference; lastKnownFileType = file.xib; path = BlueCollectionViewCell.xib; sourceTree = "<group>"; };
		30726560219B91AA006570A0 /* EmptyModule.swift */ = {isa = PBXFileReference; lastKnownFileType = sourcecode.swift; path = EmptyModule.swift; sourceTree = "<group>"; };
		30823948211B91ED0017BFCB /* TitleModule.swift */ = {isa = PBXFileReference; lastKnownFileType = sourcecode.swift; path = TitleModule.swift; sourceTree = "<group>"; };
		30D190A71F62088E00225CE9 /* RedTableViewCell.xib */ = {isa = PBXFileReference; lastKnownFileType = file.xib; path = RedTableViewCell.xib; sourceTree = "<group>"; };
		30D190A81F62088E00225CE9 /* RedTableViewCell.swift */ = {isa = PBXFileReference; lastKnownFileType = sourcecode.swift; path = RedTableViewCell.swift; sourceTree = "<group>"; };
		5A371B30FA63CD0A5E5102FF /* Pods_LegosBuilder_Example.framework */ = {isa = PBXFileReference; explicitFileType = wrapper.framework; includeInIndex = 0; path = Pods_LegosBuilder_Example.framework; sourceTree = BUILT_PRODUCTS_DIR; };
		607FACD01AFB9204008FA782 /* LegosBuilder_Example.app */ = {isa = PBXFileReference; explicitFileType = wrapper.application; includeInIndex = 0; path = LegosBuilder_Example.app; sourceTree = BUILT_PRODUCTS_DIR; };
		607FACD41AFB9204008FA782 /* Info.plist */ = {isa = PBXFileReference; lastKnownFileType = text.plist.xml; path = Info.plist; sourceTree = "<group>"; };
		607FACD51AFB9204008FA782 /* AppDelegate.swift */ = {isa = PBXFileReference; lastKnownFileType = sourcecode.swift; path = AppDelegate.swift; sourceTree = "<group>"; };
		607FACD71AFB9204008FA782 /* ViewController.swift */ = {isa = PBXFileReference; lastKnownFileType = sourcecode.swift; path = ViewController.swift; sourceTree = "<group>"; };
		607FACDC1AFB9204008FA782 /* Images.xcassets */ = {isa = PBXFileReference; lastKnownFileType = folder.assetcatalog; path = Images.xcassets; sourceTree = "<group>"; };
		607FACDF1AFB9204008FA782 /* Base */ = {isa = PBXFileReference; lastKnownFileType = file.xib; name = Base; path = Base.lproj/LaunchScreen.xib; sourceTree = "<group>"; };
		607FACE51AFB9204008FA782 /* LegosBuilder_Tests.xctest */ = {isa = PBXFileReference; explicitFileType = wrapper.cfbundle; includeInIndex = 0; path = LegosBuilder_Tests.xctest; sourceTree = BUILT_PRODUCTS_DIR; };
		607FACEA1AFB9204008FA782 /* Info.plist */ = {isa = PBXFileReference; lastKnownFileType = text.plist.xml; path = Info.plist; sourceTree = "<group>"; };
		607FACEB1AFB9204008FA782 /* Tests.swift */ = {isa = PBXFileReference; lastKnownFileType = sourcecode.swift; path = Tests.swift; sourceTree = "<group>"; };
		998A3A4B590FAD20444327A3 /* LegosBuilder.podspec */ = {isa = PBXFileReference; includeInIndex = 1; lastKnownFileType = text; name = LegosBuilder.podspec; path = ../LegosBuilder.podspec; sourceTree = "<group>"; };
		9B19CE8552E775DB4C95008D /* README.md */ = {isa = PBXFileReference; includeInIndex = 1; lastKnownFileType = net.daringfireball.markdown; name = README.md; path = ../README.md; sourceTree = "<group>"; };
		E31649291E5A258DB02A48E9 /* Pods_LegosBuilder_Tests.framework */ = {isa = PBXFileReference; explicitFileType = wrapper.framework; includeInIndex = 0; path = Pods_LegosBuilder_Tests.framework; sourceTree = BUILT_PRODUCTS_DIR; };
		E7BFE9A8A27970DAE6C43680 /* Pods-LegosBuilder_Example.release.xcconfig */ = {isa = PBXFileReference; includeInIndex = 1; lastKnownFileType = text.xcconfig; name = "Pods-LegosBuilder_Example.release.xcconfig"; path = "Pods/Target Support Files/Pods-LegosBuilder_Example/Pods-LegosBuilder_Example.release.xcconfig"; sourceTree = "<group>"; };
		F1789C882CDD4797C9323418 /* Pods-LegosBuilder_Example.debug.xcconfig */ = {isa = PBXFileReference; includeInIndex = 1; lastKnownFileType = text.xcconfig; name = "Pods-LegosBuilder_Example.debug.xcconfig"; path = "Pods/Target Support Files/Pods-LegosBuilder_Example/Pods-LegosBuilder_Example.debug.xcconfig"; sourceTree = "<group>"; };
		F37CBF55C117B904364380B0 /* Pods-LegosBuilder_Tests.release.xcconfig */ = {isa = PBXFileReference; includeInIndex = 1; lastKnownFileType = text.xcconfig; name = "Pods-LegosBuilder_Tests.release.xcconfig"; path = "Pods/Target Support Files/Pods-LegosBuilder_Tests/Pods-LegosBuilder_Tests.release.xcconfig"; sourceTree = "<group>"; };
		F5241FE3570B4039731391D9 /* Pods-LegosBuilder_Tests.debug.xcconfig */ = {isa = PBXFileReference; includeInIndex = 1; lastKnownFileType = text.xcconfig; name = "Pods-LegosBuilder_Tests.debug.xcconfig"; path = "Pods/Target Support Files/Pods-LegosBuilder_Tests/Pods-LegosBuilder_Tests.debug.xcconfig"; sourceTree = "<group>"; };
/* End PBXFileReference section */

/* Begin PBXFrameworksBuildPhase section */
		607FACCD1AFB9204008FA782 /* Frameworks */ = {
			isa = PBXFrameworksBuildPhase;
			buildActionMask = 2147483647;
			files = (
				3AF16A77027777984363DB1A /* Pods_LegosBuilder_Example.framework in Frameworks */,
			);
			runOnlyForDeploymentPostprocessing = 0;
		};
		607FACE21AFB9204008FA782 /* Frameworks */ = {
			isa = PBXFrameworksBuildPhase;
			buildActionMask = 2147483647;
			files = (
				DF407CC605029988C88A0B0D /* Pods_LegosBuilder_Tests.framework in Frameworks */,
			);
			runOnlyForDeploymentPostprocessing = 0;
		};
/* End PBXFrameworksBuildPhase section */

/* Begin PBXGroup section */
		307342C11F61FEE200C29720 /* Views */ = {
			isa = PBXGroup;
			children = (
				30B551E3219B8EAB000C58DC /* TableView */,
				30823948211B91ED0017BFCB /* TitleModule.swift */,
				30726560219B91AA006570A0 /* EmptyModule.swift */,
			);
			path = Views;
			sourceTree = "<group>";
		};
		30B551E3219B8EAB000C58DC /* TableView */ = {
			isa = PBXGroup;
			children = (
				30D190A61F62087D00225CE9 /* Cells */,
			);
			path = TableView;
			sourceTree = "<group>";
		};
		30D190A61F62087D00225CE9 /* Cells */ = {
			isa = PBXGroup;
			children = (
				30D190A81F62088E00225CE9 /* RedTableViewCell.swift */,
				30D190A71F62088E00225CE9 /* RedTableViewCell.xib */,
				306C432621B0B704002A224F /* BlueCollectionViewCell.swift */,
				306C432721B0B704002A224F /* BlueCollectionViewCell.xib */,
			);
			path = Cells;
			sourceTree = "<group>";
		};
		5268325F3BF7BA8A61A746E1 /* Pods */ = {
			isa = PBXGroup;
			children = (
				F1789C882CDD4797C9323418 /* Pods-LegosBuilder_Example.debug.xcconfig */,
				E7BFE9A8A27970DAE6C43680 /* Pods-LegosBuilder_Example.release.xcconfig */,
				F5241FE3570B4039731391D9 /* Pods-LegosBuilder_Tests.debug.xcconfig */,
				F37CBF55C117B904364380B0 /* Pods-LegosBuilder_Tests.release.xcconfig */,
			);
			name = Pods;
			sourceTree = "<group>";
		};
		607FACC71AFB9204008FA782 = {
			isa = PBXGroup;
			children = (
				607FACF51AFB993E008FA782 /* Podspec Metadata */,
				607FACD21AFB9204008FA782 /* Example for LegosBuilder */,
				607FACE81AFB9204008FA782 /* Tests */,
				607FACD11AFB9204008FA782 /* Products */,
				5268325F3BF7BA8A61A746E1 /* Pods */,
				F582FED5D535A3B2B884B5DD /* Frameworks */,
			);
			sourceTree = "<group>";
		};
		607FACD11AFB9204008FA782 /* Products */ = {
			isa = PBXGroup;
			children = (
				607FACD01AFB9204008FA782 /* LegosBuilder_Example.app */,
				607FACE51AFB9204008FA782 /* LegosBuilder_Tests.xctest */,
			);
			name = Products;
			sourceTree = "<group>";
		};
		607FACD21AFB9204008FA782 /* Example for LegosBuilder */ = {
			isa = PBXGroup;
			children = (
				307342C11F61FEE200C29720 /* Views */,
				607FACD51AFB9204008FA782 /* AppDelegate.swift */,
				607FACD71AFB9204008FA782 /* ViewController.swift */,
				607FACDC1AFB9204008FA782 /* Images.xcassets */,
				607FACDE1AFB9204008FA782 /* LaunchScreen.xib */,
				607FACD31AFB9204008FA782 /* Supporting Files */,
			);
			name = "Example for LegosBuilder";
			path = LegosBuilder;
			sourceTree = "<group>";
		};
		607FACD31AFB9204008FA782 /* Supporting Files */ = {
			isa = PBXGroup;
			children = (
				607FACD41AFB9204008FA782 /* Info.plist */,
			);
			name = "Supporting Files";
			sourceTree = "<group>";
		};
		607FACE81AFB9204008FA782 /* Tests */ = {
			isa = PBXGroup;
			children = (
				607FACEB1AFB9204008FA782 /* Tests.swift */,
				607FACE91AFB9204008FA782 /* Supporting Files */,
			);
			path = Tests;
			sourceTree = "<group>";
		};
		607FACE91AFB9204008FA782 /* Supporting Files */ = {
			isa = PBXGroup;
			children = (
				607FACEA1AFB9204008FA782 /* Info.plist */,
			);
			name = "Supporting Files";
			sourceTree = "<group>";
		};
		607FACF51AFB993E008FA782 /* Podspec Metadata */ = {
			isa = PBXGroup;
			children = (
				998A3A4B590FAD20444327A3 /* LegosBuilder.podspec */,
				9B19CE8552E775DB4C95008D /* README.md */,
				2832D37C9D043E3199B102A1 /* LICENSE */,
			);
			name = "Podspec Metadata";
			sourceTree = "<group>";
		};
		F582FED5D535A3B2B884B5DD /* Frameworks */ = {
			isa = PBXGroup;
			children = (
				5A371B30FA63CD0A5E5102FF /* Pods_LegosBuilder_Example.framework */,
				E31649291E5A258DB02A48E9 /* Pods_LegosBuilder_Tests.framework */,
			);
			name = Frameworks;
			sourceTree = "<group>";
		};
/* End PBXGroup section */

/* Begin PBXNativeTarget section */
		607FACCF1AFB9204008FA782 /* LegosBuilder_Example */ = {
			isa = PBXNativeTarget;
			buildConfigurationList = 607FACEF1AFB9204008FA782 /* Build configuration list for PBXNativeTarget "LegosBuilder_Example" */;
			buildPhases = (
				870B78F8AF632E0E70880F75 /* [CP] Check Pods Manifest.lock */,
				607FACCC1AFB9204008FA782 /* Sources */,
				607FACCD1AFB9204008FA782 /* Frameworks */,
				607FACCE1AFB9204008FA782 /* Resources */,
				90B75B3D36AD25A33BD0B8EA /* [CP] Embed Pods Frameworks */,
				569A1C885A1343ADF5BF80B2 /* [CP] Copy Pods Resources */,
			);
			buildRules = (
			);
			dependencies = (
			);
			name = LegosBuilder_Example;
			productName = LegosBuilder;
			productReference = 607FACD01AFB9204008FA782 /* LegosBuilder_Example.app */;
			productType = "com.apple.product-type.application";
		};
		607FACE41AFB9204008FA782 /* LegosBuilder_Tests */ = {
			isa = PBXNativeTarget;
			buildConfigurationList = 607FACF21AFB9204008FA782 /* Build configuration list for PBXNativeTarget "LegosBuilder_Tests" */;
			buildPhases = (
				BE87703480DF3F08BDDF63F8 /* [CP] Check Pods Manifest.lock */,
				607FACE11AFB9204008FA782 /* Sources */,
				607FACE21AFB9204008FA782 /* Frameworks */,
				607FACE31AFB9204008FA782 /* Resources */,
				51BBDA822F2293A0204F1D07 /* [CP] Embed Pods Frameworks */,
				BF4731F63CF28C61636394FA /* [CP] Copy Pods Resources */,
			);
			buildRules = (
			);
			dependencies = (
				607FACE71AFB9204008FA782 /* PBXTargetDependency */,
			);
			name = LegosBuilder_Tests;
			productName = Tests;
			productReference = 607FACE51AFB9204008FA782 /* LegosBuilder_Tests.xctest */;
			productType = "com.apple.product-type.bundle.unit-test";
		};
/* End PBXNativeTarget section */

/* Begin PBXProject section */
		607FACC81AFB9204008FA782 /* Project object */ = {
			isa = PBXProject;
			attributes = {
				LastSwiftUpdateCheck = 0720;
				LastUpgradeCheck = 0820;
				ORGANIZATIONNAME = CocoaPods;
				TargetAttributes = {
					607FACCF1AFB9204008FA782 = {
						CreatedOnToolsVersion = 6.3.1;
						LastSwiftMigration = 0820;
					};
					607FACE41AFB9204008FA782 = {
						CreatedOnToolsVersion = 6.3.1;
						LastSwiftMigration = 0920;
						TestTargetID = 607FACCF1AFB9204008FA782;
					};
				};
			};
			buildConfigurationList = 607FACCB1AFB9204008FA782 /* Build configuration list for PBXProject "LegosBuilder" */;
			compatibilityVersion = "Xcode 3.2";
			developmentRegion = English;
			hasScannedForEncodings = 0;
			knownRegions = (
				en,
				Base,
			);
			mainGroup = 607FACC71AFB9204008FA782;
			productRefGroup = 607FACD11AFB9204008FA782 /* Products */;
			projectDirPath = "";
			projectRoot = "";
			targets = (
				607FACCF1AFB9204008FA782 /* LegosBuilder_Example */,
				607FACE41AFB9204008FA782 /* LegosBuilder_Tests */,
			);
		};
/* End PBXProject section */

/* Begin PBXResourcesBuildPhase section */
		607FACCE1AFB9204008FA782 /* Resources */ = {
			isa = PBXResourcesBuildPhase;
			buildActionMask = 2147483647;
			files = (
				607FACE01AFB9204008FA782 /* LaunchScreen.xib in Resources */,
				306C432921B0B704002A224F /* BlueCollectionViewCell.xib in Resources */,
				607FACDD1AFB9204008FA782 /* Images.xcassets in Resources */,
			);
			runOnlyForDeploymentPostprocessing = 0;
		};
		607FACE31AFB9204008FA782 /* Resources */ = {
			isa = PBXResourcesBuildPhase;
			buildActionMask = 2147483647;
			files = (
			);
			runOnlyForDeploymentPostprocessing = 0;
		};
/* End PBXResourcesBuildPhase section */

/* Begin PBXShellScriptBuildPhase section */
		51BBDA822F2293A0204F1D07 /* [CP] Embed Pods Frameworks */ = {
			isa = PBXShellScriptBuildPhase;
			buildActionMask = 2147483647;
			files = (
			);
			inputPaths = (
			);
			name = "[CP] Embed Pods Frameworks";
			outputPaths = (
			);
			runOnlyForDeploymentPostprocessing = 0;
			shellPath = /bin/sh;
			shellScript = "\"${SRCROOT}/Pods/Target Support Files/Pods-LegosBuilder_Tests/Pods-LegosBuilder_Tests-frameworks.sh\"\n";
			showEnvVarsInLog = 0;
		};
		569A1C885A1343ADF5BF80B2 /* [CP] Copy Pods Resources */ = {
			isa = PBXShellScriptBuildPhase;
			buildActionMask = 2147483647;
			files = (
			);
			inputPaths = (
			);
			name = "[CP] Copy Pods Resources";
			outputPaths = (
			);
			runOnlyForDeploymentPostprocessing = 0;
			shellPath = /bin/sh;
			shellScript = "\"${SRCROOT}/Pods/Target Support Files/Pods-LegosBuilder_Example/Pods-LegosBuilder_Example-resources.sh\"\n";
			showEnvVarsInLog = 0;
		};
		870B78F8AF632E0E70880F75 /* [CP] Check Pods Manifest.lock */ = {
			isa = PBXShellScriptBuildPhase;
			buildActionMask = 2147483647;
			files = (
			);
			inputPaths = (
			);
			name = "[CP] Check Pods Manifest.lock";
			outputPaths = (
			);
			runOnlyForDeploymentPostprocessing = 0;
			shellPath = /bin/sh;
			shellScript = "diff \"${PODS_PODFILE_DIR_PATH}/Podfile.lock\" \"${PODS_ROOT}/Manifest.lock\" > /dev/null\nif [ $? != 0 ] ; then\n    # print error to STDERR\n    echo \"error: The sandbox is not in sync with the Podfile.lock. Run 'pod install' or update your CocoaPods installation.\" >&2\n    exit 1\nfi\n";
			showEnvVarsInLog = 0;
		};
		90B75B3D36AD25A33BD0B8EA /* [CP] Embed Pods Frameworks */ = {
			isa = PBXShellScriptBuildPhase;
			buildActionMask = 2147483647;
			files = (
			);
			inputPaths = (
			);
			name = "[CP] Embed Pods Frameworks";
			outputPaths = (
			);
			runOnlyForDeploymentPostprocessing = 0;
			shellPath = /bin/sh;
			shellScript = "\"${SRCROOT}/Pods/Target Support Files/Pods-LegosBuilder_Example/Pods-LegosBuilder_Example-frameworks.sh\"\n";
			showEnvVarsInLog = 0;
		};
		BE87703480DF3F08BDDF63F8 /* [CP] Check Pods Manifest.lock */ = {
			isa = PBXShellScriptBuildPhase;
			buildActionMask = 2147483647;
			files = (
			);
			inputPaths = (
			);
			name = "[CP] Check Pods Manifest.lock";
			outputPaths = (
			);
			runOnlyForDeploymentPostprocessing = 0;
			shellPath = /bin/sh;
			shellScript = "diff \"${PODS_PODFILE_DIR_PATH}/Podfile.lock\" \"${PODS_ROOT}/Manifest.lock\" > /dev/null\nif [ $? != 0 ] ; then\n    # print error to STDERR\n    echo \"error: The sandbox is not in sync with the Podfile.lock. Run 'pod install' or update your CocoaPods installation.\" >&2\n    exit 1\nfi\n";
			showEnvVarsInLog = 0;
		};
		BF4731F63CF28C61636394FA /* [CP] Copy Pods Resources */ = {
			isa = PBXShellScriptBuildPhase;
			buildActionMask = 2147483647;
			files = (
			);
			inputPaths = (
			);
			name = "[CP] Copy Pods Resources";
			outputPaths = (
			);
			runOnlyForDeploymentPostprocessing = 0;
			shellPath = /bin/sh;
			shellScript = "\"${SRCROOT}/Pods/Target Support Files/Pods-LegosBuilder_Tests/Pods-LegosBuilder_Tests-resources.sh\"\n";
			showEnvVarsInLog = 0;
		};
/* End PBXShellScriptBuildPhase section */

/* Begin PBXSourcesBuildPhase section */
		607FACCC1AFB9204008FA782 /* Sources */ = {
			isa = PBXSourcesBuildPhase;
			buildActionMask = 2147483647;
			files = (
				30726561219B91AA006570A0 /* EmptyModule.swift in Sources */,
				302E01BA1F6209F3008A7D3B /* RedTableViewCell.xib in Sources */,
				306C432821B0B704002A224F /* BlueCollectionViewCell.swift in Sources */,
				607FACD81AFB9204008FA782 /* ViewController.swift in Sources */,
				30823949211B91ED0017BFCB /* TitleModule.swift in Sources */,
				607FACD61AFB9204008FA782 /* AppDelegate.swift in Sources */,
				30D190A91F62089200225CE9 /* RedTableViewCell.swift in Sources */,
			);
			runOnlyForDeploymentPostprocessing = 0;
		};
		607FACE11AFB9204008FA782 /* Sources */ = {
			isa = PBXSourcesBuildPhase;
			buildActionMask = 2147483647;
			files = (
				607FACEC1AFB9204008FA782 /* Tests.swift in Sources */,
			);
			runOnlyForDeploymentPostprocessing = 0;
		};
/* End PBXSourcesBuildPhase section */

/* Begin PBXTargetDependency section */
		607FACE71AFB9204008FA782 /* PBXTargetDependency */ = {
			isa = PBXTargetDependency;
			target = 607FACCF1AFB9204008FA782 /* LegosBuilder_Example */;
			targetProxy = 607FACE61AFB9204008FA782 /* PBXContainerItemProxy */;
		};
/* End PBXTargetDependency section */

/* Begin PBXVariantGroup section */
		607FACDE1AFB9204008FA782 /* LaunchScreen.xib */ = {
			isa = PBXVariantGroup;
			children = (
				607FACDF1AFB9204008FA782 /* Base */,
			);
			name = LaunchScreen.xib;
			sourceTree = "<group>";
		};
/* End PBXVariantGroup section */

/* Begin XCBuildConfiguration section */
		607FACED1AFB9204008FA782 /* Debug */ = {
			isa = XCBuildConfiguration;
			buildSettings = {
				ALWAYS_SEARCH_USER_PATHS = NO;
				CLANG_CXX_LANGUAGE_STANDARD = "gnu++0x";
				CLANG_CXX_LIBRARY = "libc++";
				CLANG_ENABLE_MODULES = YES;
				CLANG_ENABLE_OBJC_ARC = YES;
				CLANG_WARN_BOOL_CONVERSION = YES;
				CLANG_WARN_CONSTANT_CONVERSION = YES;
				CLANG_WARN_DIRECT_OBJC_ISA_USAGE = YES_ERROR;
				CLANG_WARN_EMPTY_BODY = YES;
				CLANG_WARN_ENUM_CONVERSION = YES;
				CLANG_WARN_INFINITE_RECURSION = YES;
				CLANG_WARN_INT_CONVERSION = YES;
				CLANG_WARN_OBJC_ROOT_CLASS = YES_ERROR;
				CLANG_WARN_SUSPICIOUS_MOVE = YES;
				CLANG_WARN_UNREACHABLE_CODE = YES;
				CLANG_WARN__DUPLICATE_METHOD_MATCH = YES;
				"CODE_SIGN_IDENTITY[sdk=iphoneos*]" = "iPhone Developer";
				COPY_PHASE_STRIP = NO;
				DEBUG_INFORMATION_FORMAT = "dwarf-with-dsym";
				ENABLE_STRICT_OBJC_MSGSEND = YES;
				ENABLE_TESTABILITY = YES;
				GCC_C_LANGUAGE_STANDARD = gnu99;
				GCC_DYNAMIC_NO_PIC = NO;
				GCC_NO_COMMON_BLOCKS = YES;
				GCC_OPTIMIZATION_LEVEL = 0;
				GCC_PREPROCESSOR_DEFINITIONS = (
					"DEBUG=1",
					"$(inherited)",
				);
				GCC_SYMBOLS_PRIVATE_EXTERN = NO;
				GCC_WARN_64_TO_32_BIT_CONVERSION = YES;
				GCC_WARN_ABOUT_RETURN_TYPE = YES_ERROR;
				GCC_WARN_UNDECLARED_SELECTOR = YES;
				GCC_WARN_UNINITIALIZED_AUTOS = YES_AGGRESSIVE;
				GCC_WARN_UNUSED_FUNCTION = YES;
				GCC_WARN_UNUSED_VARIABLE = YES;
				IPHONEOS_DEPLOYMENT_TARGET = 9.0;
				MTL_ENABLE_DEBUG_INFO = YES;
				ONLY_ACTIVE_ARCH = YES;
				SDKROOT = iphoneos;
				SWIFT_OPTIMIZATION_LEVEL = "-Onone";
			};
			name = Debug;
		};
		607FACEE1AFB9204008FA782 /* Release */ = {
			isa = XCBuildConfiguration;
			buildSettings = {
				ALWAYS_SEARCH_USER_PATHS = NO;
				CLANG_CXX_LANGUAGE_STANDARD = "gnu++0x";
				CLANG_CXX_LIBRARY = "libc++";
				CLANG_ENABLE_MODULES = YES;
				CLANG_ENABLE_OBJC_ARC = YES;
				CLANG_WARN_BOOL_CONVERSION = YES;
				CLANG_WARN_CONSTANT_CONVERSION = YES;
				CLANG_WARN_DIRECT_OBJC_ISA_USAGE = YES_ERROR;
				CLANG_WARN_EMPTY_BODY = YES;
				CLANG_WARN_ENUM_CONVERSION = YES;
				CLANG_WARN_INFINITE_RECURSION = YES;
				CLANG_WARN_INT_CONVERSION = YES;
				CLANG_WARN_OBJC_ROOT_CLASS = YES_ERROR;
				CLANG_WARN_SUSPICIOUS_MOVE = YES;
				CLANG_WARN_UNREACHABLE_CODE = YES;
				CLANG_WARN__DUPLICATE_METHOD_MATCH = YES;
				"CODE_SIGN_IDENTITY[sdk=iphoneos*]" = "iPhone Developer";
				COPY_PHASE_STRIP = NO;
				DEBUG_INFORMATION_FORMAT = "dwarf-with-dsym";
				ENABLE_NS_ASSERTIONS = NO;
				ENABLE_STRICT_OBJC_MSGSEND = YES;
				GCC_C_LANGUAGE_STANDARD = gnu99;
				GCC_NO_COMMON_BLOCKS = YES;
				GCC_WARN_64_TO_32_BIT_CONVERSION = YES;
				GCC_WARN_ABOUT_RETURN_TYPE = YES_ERROR;
				GCC_WARN_UNDECLARED_SELECTOR = YES;
				GCC_WARN_UNINITIALIZED_AUTOS = YES_AGGRESSIVE;
				GCC_WARN_UNUSED_FUNCTION = YES;
				GCC_WARN_UNUSED_VARIABLE = YES;
				IPHONEOS_DEPLOYMENT_TARGET = 9.0;
				MTL_ENABLE_DEBUG_INFO = NO;
				SDKROOT = iphoneos;
				SWIFT_OPTIMIZATION_LEVEL = "-Owholemodule";
				VALIDATE_PRODUCT = YES;
			};
			name = Release;
		};
		607FACF01AFB9204008FA782 /* Debug */ = {
			isa = XCBuildConfiguration;
			baseConfigurationReference = F1789C882CDD4797C9323418 /* Pods-LegosBuilder_Example.debug.xcconfig */;
			buildSettings = {
				ASSETCATALOG_COMPILER_APPICON_NAME = AppIcon;
				INFOPLIST_FILE = LegosBuilder/Info.plist;
				LD_RUNPATH_SEARCH_PATHS = "$(inherited) @executable_path/Frameworks";
				MODULE_NAME = ExampleApp;
				PRODUCT_BUNDLE_IDENTIFIER = "org.cocoapods.demo.$(PRODUCT_NAME:rfc1034identifier)";
				PRODUCT_NAME = "$(TARGET_NAME)";
				SWIFT_VERSION = 4.0;
			};
			name = Debug;
		};
		607FACF11AFB9204008FA782 /* Release */ = {
			isa = XCBuildConfiguration;
			baseConfigurationReference = E7BFE9A8A27970DAE6C43680 /* Pods-LegosBuilder_Example.release.xcconfig */;
			buildSettings = {
				ASSETCATALOG_COMPILER_APPICON_NAME = AppIcon;
				INFOPLIST_FILE = LegosBuilder/Info.plist;
				LD_RUNPATH_SEARCH_PATHS = "$(inherited) @executable_path/Frameworks";
				MODULE_NAME = ExampleApp;
				PRODUCT_BUNDLE_IDENTIFIER = "org.cocoapods.demo.$(PRODUCT_NAME:rfc1034identifier)";
				PRODUCT_NAME = "$(TARGET_NAME)";
				SWIFT_VERSION = 4.0;
			};
			name = Release;
		};
		607FACF31AFB9204008FA782 /* Debug */ = {
			isa = XCBuildConfiguration;
			baseConfigurationReference = F5241FE3570B4039731391D9 /* Pods-LegosBuilder_Tests.debug.xcconfig */;
			buildSettings = {
				FRAMEWORK_SEARCH_PATHS = (
					"$(SDKROOT)/Developer/Library/Frameworks",
					"$(inherited)",
				);
				GCC_PREPROCESSOR_DEFINITIONS = (
					"DEBUG=1",
					"$(inherited)",
				);
				INFOPLIST_FILE = Tests/Info.plist;
				LD_RUNPATH_SEARCH_PATHS = "$(inherited) @executable_path/Frameworks @loader_path/Frameworks";
				PRODUCT_BUNDLE_IDENTIFIER = "org.cocoapods.$(PRODUCT_NAME:rfc1034identifier)";
				PRODUCT_NAME = "$(TARGET_NAME)";
				SWIFT_SWIFT3_OBJC_INFERENCE = On;
				SWIFT_VERSION = 4.0;
			};
			name = Debug;
		};
		607FACF41AFB9204008FA782 /* Release */ = {
			isa = XCBuildConfiguration;
			baseConfigurationReference = F37CBF55C117B904364380B0 /* Pods-LegosBuilder_Tests.release.xcconfig */;
			buildSettings = {
				FRAMEWORK_SEARCH_PATHS = (
					"$(SDKROOT)/Developer/Library/Frameworks",
					"$(inherited)",
				);
				INFOPLIST_FILE = Tests/Info.plist;
				LD_RUNPATH_SEARCH_PATHS = "$(inherited) @executable_path/Frameworks @loader_path/Frameworks";
				PRODUCT_BUNDLE_IDENTIFIER = "org.cocoapods.$(PRODUCT_NAME:rfc1034identifier)";
				PRODUCT_NAME = "$(TARGET_NAME)";
				SWIFT_SWIFT3_OBJC_INFERENCE = On;
				SWIFT_VERSION = 4.0;
			};
			name = Release;
		};
/* End XCBuildConfiguration section */

/* Begin XCConfigurationList section */
		607FACCB1AFB9204008FA782 /* Build configuration list for PBXProject "LegosBuilder" */ = {
			isa = XCConfigurationList;
			buildConfigurations = (
				607FACED1AFB9204008FA782 /* Debug */,
				607FACEE1AFB9204008FA782 /* Release */,
			);
			defaultConfigurationIsVisible = 0;
			defaultConfigurationName = Release;
		};
		607FACEF1AFB9204008FA782 /* Build configuration list for PBXNativeTarget "LegosBuilder_Example" */ = {
			isa = XCConfigurationList;
			buildConfigurations = (
				607FACF01AFB9204008FA782 /* Debug */,
				607FACF11AFB9204008FA782 /* Release */,
			);
			defaultConfigurationIsVisible = 0;
			defaultConfigurationName = Release;
		};
		607FACF21AFB9204008FA782 /* Build configuration list for PBXNativeTarget "LegosBuilder_Tests" */ = {
			isa = XCConfigurationList;
			buildConfigurations = (
				607FACF31AFB9204008FA782 /* Debug */,
				607FACF41AFB9204008FA782 /* Release */,
			);
			defaultConfigurationIsVisible = 0;
			defaultConfigurationName = Release;
		};
/* End XCConfigurationList section */
	};
	rootObject = 607FACC81AFB9204008FA782 /* Project object */;
}
